{
  "nodes": {
    "home-manager": {
      "inputs": {
        "nixpkgs": [
          "nixpkgs"
        ]
      },
      "locked": {
        "lastModified": 1751589297,
        "narHash": "sha256-3q35cq6BPuwIRL3IoVKYPc72r3OleeuRyf4YAPjEqzA=",
        "owner": "nix-community",
        "repo": "home-manager",
        "rev": "83f978812c37511ef2ffaf75ffa72160483f738a",
        "type": "github"
      },
      "original": {
        "owner": "nix-community",
        "ref": "master",
        "repo": "home-manager",
        "type": "github"
      }
    },
    "nixpkgs": {
      "locked": {
        "lastModified": 1751637978,
        "narHash": "sha256-J5vK5DE8S2Vpt2so7tunwP0Fh6qj3EVsu903b0sufRs=",
        "owner": "nixos",
        "repo": "nixpkgs",
        "rev": "959273b0fb4239a83bb8d622096ba6bd1e950283",
        "type": "github"
      },
      "original": {
        "owner": "nixos",
        "ref": "master",
        "repo": "nixpkgs",
        "type": "github"
      }
    },
    "root": {
      "inputs": {
        "home-manager": "home-manager",
        "nixpkgs": "nixpkgs"
      }
    }
  },
  "root": "root",
  "version": 7
}
